<?xml version="1.0" encoding="utf-8"?>
<Project ToolsVersion="4.0" xmlns="http://schemas.microsoft.com/developer/msbuild/2003">
  <ItemGroup>
    <Filter Include="源文件">
      <UniqueIdentifier>{4FC737F1-C7A5-4376-A066-2A32D752A2FF}</UniqueIdentifier>
      <Extensions>cpp;c;cc;cxx;c++;cppm;ixx;def;odl;idl;hpj;bat;asm;asmx</Extensions>
    </Filter>
    <Filter Include="头文件">
      <UniqueIdentifier>{93995380-89BD-4b04-88EB-625FBE52EBFB}</UniqueIdentifier>
      <Extensions>h;hh;hpp;hxx;h++;hm;inl;inc;ipp;xsd</Extensions>
    </Filter>
    <Filter Include="资源文件">
      <UniqueIdentifier>{67DA6AB6-F800-4c08-8B7A-83BB121AAD01}</UniqueIdentifier>
      <Extensions>rc;ico;cur;bmp;dlg;rc2;rct;bin;rgs;gif;jpg;jpeg;jpe;resx;tiff;tif;png;wav;mfcribbon-ms</Extensions>
    </Filter>
    <Filter Include="源文件\RBMath">
      <UniqueIdentifier>{d62102e5-cd65-4895-979d-09b49e3f4e81}</UniqueIdentifier>
    </Filter>
    <Filter Include="源文件\Common">
      <UniqueIdentifier>{ab522171-7ebb-43ae-992b-a240a6b260f4}</UniqueIdentifier>
    </Filter>
    <Filter Include="源文件\D3D12">
      <UniqueIdentifier>{f15b280c-57b5-4d05-be05-f963dc4b9735}</UniqueIdentifier>
    </Filter>
  </ItemGroup>
  <ItemGroup>
    <ClCompile Include="..\..\Src\main.cpp">
      <Filter>源文件</Filter>
    </ClCompile>
    <ClCompile Include="..\..\ThirdPart\RBMath\Src\Color32.cpp">
      <Filter>源文件\RBMath</Filter>
    </ClCompile>
    <ClCompile Include="..\..\ThirdPart\RBMath\Src\Colorf.cpp">
      <Filter>源文件\RBMath</Filter>
    </ClCompile>
    <ClCompile Include="..\..\ThirdPart\RBMath\Src\RBMath.cpp">
      <Filter>源文件\RBMath</Filter>
    </ClCompile>
    <ClCompile Include="..\..\ThirdPart\RBMath\Src\RBMathImpl.cpp">
      <Filter>源文件\RBMath</Filter>
    </ClCompile>
    <ClCompile Include="..\..\Src\Application.cpp">
      <Filter>源文件</Filter>
    </ClCompile>
    <ClCompile Include="..\..\Src\Common\Logger.cpp">
      <Filter>源文件\Common</Filter>
    </ClCompile>
    <ClCompile Include="..\..\Src\Framework.cpp">
      <Filter>源文件</Filter>
    </ClCompile>
    <ClCompile Include="..\..\Src\Device.cpp">
      <Filter>源文件</Filter>
    </ClCompile>
    <ClCompile Include="..\..\Src\D3D12\D3D12Common.cpp">
      <Filter>源文件\D3D12</Filter>
    </ClCompile>
    <ClCompile Include="..\..\Src\Formats.cpp">
      <Filter>源文件</Filter>
    </ClCompile>
    <ClCompile Include="..\..\Src\Sample.cpp">
      <Filter>源文件</Filter>
    </ClCompile>
    <ClCompile Include="..\..\Src\GraphicsCommon.cpp">
      <Filter>源文件</Filter>
    </ClCompile>
    <ClCompile Include="..\..\Src\D3D12\D3D12Device.cpp">
      <Filter>源文件\D3D12</Filter>
    </ClCompile>
    <ClCompile Include="..\..\Src\Common\FileSystem.cpp">
      <Filter>源文件\Common</Filter>
    </ClCompile>
    <ClCompile Include="..\..\Src\GPUMemory.cpp">
      <Filter>源文件</Filter>
    </ClCompile>
    <ClCompile Include="..\..\Src\GraphicsContext.cpp">
      <Filter>源文件</Filter>
    </ClCompile>
    <ClCompile Include="..\..\Src\D3D12\D3D12Formats.cpp">
      <Filter>源文件\D3D12</Filter>
    </ClCompile>
    <ClCompile Include="..\..\Src\GraphicsResource.cpp">
      <Filter>源文件</Filter>
    </ClCompile>
    <ClCompile Include="..\..\Src\D3D12\D3D12Resource.cpp">
      <Filter>源文件\D3D12</Filter>
    </ClCompile>
    <ClCompile Include="..\..\Src\Common.cpp">
      <Filter>源文件</Filter>
    </ClCompile>
    <ClCompile Include="..\..\Src\Program.cpp">
      <Filter>源文件</Filter>
    </ClCompile>
    <ClCompile Include="..\..\Src\Shader.cpp">
      <Filter>源文件</Filter>
    </ClCompile>
    <ClCompile Include="..\..\Src\PipeplineStateObject.cpp">
      <Filter>源文件</Filter>
    </ClCompile>
    <ClCompile Include="..\..\Src\DescriptorSet.cpp">
      <Filter>源文件</Filter>
    </ClCompile>
    <ClCompile Include="..\..\Src\D3D12\D3D12Context.cpp">
      <Filter>源文件\D3D12</Filter>
    </ClCompile>
    <ClCompile Include="..\..\Src\GraphicsResView.cpp">
      <Filter>源文件</Filter>
    </ClCompile>
    <ClCompile Include="..\..\Src\D3D12\D3D12ResView.cpp">
      <Filter>源文件\D3D12</Filter>
    </ClCompile>
    <ClCompile Include="..\..\Src\D3D12\D3D12DescriptorSet.cpp">
      <Filter>源文件\D3D12</Filter>
    </ClCompile>
  </ItemGroup>
  <ItemGroup>
    <ClInclude Include="..\..\Src\Application.h">
      <Filter>源文件</Filter>
    </ClInclude>
    <ClInclude Include="..\..\Src\D3D12Header.h">
      <Filter>源文件</Filter>
    </ClInclude>
    <ClInclude Include="..\..\Src\Common\Logger.h">
      <Filter>源文件\Common</Filter>
    </ClInclude>
    <ClInclude Include="..\..\Src\Framework.h">
      <Filter>源文件</Filter>
    </ClInclude>
    <ClInclude Include="..\..\Src\Device.h">
      <Filter>源文件</Filter>
    </ClInclude>
    <ClInclude Include="..\..\Src\D3D12\WIPD3D12.h">
      <Filter>源文件\D3D12</Filter>
    </ClInclude>
    <ClInclude Include="..\..\Src\Formats.h">
      <Filter>源文件</Filter>
    </ClInclude>
    <ClInclude Include="..\..\Src\GraphicsContext.h">
      <Filter>源文件</Filter>
    </ClInclude>
    <ClInclude Include="..\..\Src\Common.h">
      <Filter>源文件</Filter>
    </ClInclude>
    <ClInclude Include="..\..\Src\GraphicsCommon.h">
      <Filter>源文件</Filter>
    </ClInclude>
    <ClInclude Include="..\..\Src\GraphicsResource.h">
      <Filter>源文件</Filter>
    </ClInclude>
    <ClInclude Include="..\..\Src\Header.h">
      <Filter>源文件</Filter>
    </ClInclude>
    <ClInclude Include="..\..\Src\GraphicsResView.h">
      <Filter>源文件</Filter>
    </ClInclude>
    <ClInclude Include="..\..\Src\GPUMemory.h">
      <Filter>源文件</Filter>
    </ClInclude>
    <ClInclude Include="..\..\Src\Util.h">
      <Filter>源文件</Filter>
    </ClInclude>
    <ClInclude Include="..\..\Src\Common\FileSystem.h">
      <Filter>源文件\Common</Filter>
    </ClInclude>
    <ClInclude Include="..\..\Src\Program.h">
      <Filter>源文件</Filter>
    </ClInclude>
    <ClInclude Include="..\..\Src\Shader.h">
      <Filter>源文件</Filter>
    </ClInclude>
    <ClInclude Include="..\..\Src\PipeplineStateObject.h">
      <Filter>源文件</Filter>
    </ClInclude>
    <ClInclude Include="..\..\Src\DescriptorSet.h">
      <Filter>源文件</Filter>
    </ClInclude>
    <ClInclude Include="..\..\Src\RenderTarget.h">
      <Filter>源文件</Filter>
    </ClInclude>
    <ClInclude Include="..\..\Src\D3D12\D3D12Resource.h">
      <Filter>源文件\D3D12</Filter>
    </ClInclude>
  </ItemGroup>
</Project>